
Microsoft Visual Studio Solution File, Format Version 12.00
# Visual Studio 2013
VisualStudioVersion = 12.0.31101.0
MinimumVisualStudioVersion = 10.0.40219.1
Project("{FAE04EC0-301F-11D3-BF4B-00C04F79EFBC}") = "ContactsApp", "ContactsApp\ContactsApp.csproj", "{706D6BAB-A356-4A4D-AD20-10A6D50EA77D}"
EndProject
Project("{FAE04EC0-301F-11D3-BF4B-00C04F79EFBC}") = "ContactsApp.Tests", "ContactsApp.Tests\ContactsApp.Tests.csproj", "{D2CC395D-C0B7-4528-B6AD-54CD40DBF872}"
EndProject
Global
	GlobalSection(SolutionConfigurationPlatforms) = preSolution
		Debug|Any CPU = Debug|Any CPU
		Release|Any CPU = Release|Any CPU
	EndGlobalSection
	GlobalSection(ProjectConfigurationPlatforms) = postSolution
		{706D6BAB-A356-4A4D-AD20-10A6D50EA77D}.Debug|Any CPU.ActiveCfg = Debug|Any CPU
		{706D6BAB-A356-4A4D-AD20-10A6D50EA77D}.Debug|Any CPU.Build.0 = Debug|Any CPU
		{706D6BAB-A356-4A4D-AD20-10A6D50EA77D}.Release|Any CPU.ActiveCfg = Release|Any CPU
		{706D6BAB-A356-4A4D-AD20-10A6D50EA77D}.Release|Any CPU.Build.0 = Release|Any CPU
		{D2CC395D-C0B7-4528-B6AD-54CD40DBF872}.Debug|Any CPU.ActiveCfg = Debug|Any CPU
		{D2CC395D-C0B7-4528-B6AD-54CD40DBF872}.Debug|Any CPU.Build.0 = Debug|Any CPU
		{D2CC395D-C0B7-4528-B6AD-54CD40DBF872}.Release|Any CPU.ActiveCfg = Release|Any CPU
		{D2CC395D-C0B7-4528-B6AD-54CD40DBF872}.Release|Any CPU.Build.0 = Release|Any CPU
	EndGlobalSection
	GlobalSection(SolutionProperties) = preSolution
		HideSolutionNode = FALSE
	EndGlobalSection
EndGlobal
